
Microsoft Visual Studio Solution File, Format Version 12.00
# Visual Studio Version 18
VisualStudioVersion = 18.0.11222.15
MinimumVisualStudioVersion = 10.0.40219.1
Project("{2150E333-8FDC-42A3-9474-1A3956D46DE8}") = "Solution Items", "Solution Items", "{C1D1C31F-1981-4468-8C79-B87AA72465E8}"
	ProjectSection(SolutionItems) = preProject
		DEV.md = DEV.md
		TODO.md = TODO.md
	EndProjectSection
EndProject
Project("{FAE04EC0-301F-11D3-BF4B-00C04F79EFBC}") = "SharpOMatic.Engine", "SharpOMatic.Engine\SharpOMatic.Engine.csproj", "{B340F10B-44EF-E7BF-E408-69423793E670}"
EndProject
Project("{FAE04EC0-301F-11D3-BF4B-00C04F79EFBC}") = "SharpOMatic.Server", "SharpOMatic.Server\SharpOMatic.Server.csproj", "{31BD667A-2F6E-6436-FF12-C69DB451DD22}"
EndProject
Project("{FAE04EC0-301F-11D3-BF4B-00C04F79EFBC}") = "SharpOMatic.Editor.Hosting", "SharpOMatic.Editor.Hosting\SharpOMatic.Editor.Hosting.csproj", "{0441973D-0BD3-4D17-BF7D-BD2934DFABA6}"
EndProject
Project("{FAE04EC0-301F-11D3-BF4B-00C04F79EFBC}") = "SharpOMatic.Engine.Test", "SharpOMatic.Test\SharpOMatic.Engine.Test.csproj", "{1B817E20-1071-5E1A-FFF7-834FF6F854F4}"
EndProject
Global
	GlobalSection(SolutionConfigurationPlatforms) = preSolution
		Debug|Any CPU = Debug|Any CPU
		Release|Any CPU = Release|Any CPU
	EndGlobalSection
	GlobalSection(ProjectConfigurationPlatforms) = postSolution
		{B340F10B-44EF-E7BF-E408-69423793E670}.Debug|Any CPU.ActiveCfg = Debug|Any CPU
		{B340F10B-44EF-E7BF-E408-69423793E670}.Debug|Any CPU.Build.0 = Debug|Any CPU
		{B340F10B-44EF-E7BF-E408-69423793E670}.Release|Any CPU.ActiveCfg = Release|Any CPU
		{B340F10B-44EF-E7BF-E408-69423793E670}.Release|Any CPU.Build.0 = Release|Any CPU
		{31BD667A-2F6E-6436-FF12-C69DB451DD22}.Debug|Any CPU.ActiveCfg = Debug|Any CPU
		{31BD667A-2F6E-6436-FF12-C69DB451DD22}.Debug|Any CPU.Build.0 = Debug|Any CPU
		{31BD667A-2F6E-6436-FF12-C69DB451DD22}.Release|Any CPU.ActiveCfg = Release|Any CPU
		{31BD667A-2F6E-6436-FF12-C69DB451DD22}.Release|Any CPU.Build.0 = Release|Any CPU
		{0441973D-0BD3-4D17-BF7D-BD2934DFABA6}.Debug|Any CPU.ActiveCfg = Debug|Any CPU
		{0441973D-0BD3-4D17-BF7D-BD2934DFABA6}.Debug|Any CPU.Build.0 = Debug|Any CPU
		{0441973D-0BD3-4D17-BF7D-BD2934DFABA6}.Release|Any CPU.ActiveCfg = Release|Any CPU
		{0441973D-0BD3-4D17-BF7D-BD2934DFABA6}.Release|Any CPU.Build.0 = Release|Any CPU
		{1B817E20-1071-5E1A-FFF7-834FF6F854F4}.Debug|Any CPU.ActiveCfg = Debug|Any CPU
		{1B817E20-1071-5E1A-FFF7-834FF6F854F4}.Debug|Any CPU.Build.0 = Debug|Any CPU
		{1B817E20-1071-5E1A-FFF7-834FF6F854F4}.Release|Any CPU.ActiveCfg = Release|Any CPU
		{1B817E20-1071-5E1A-FFF7-834FF6F854F4}.Release|Any CPU.Build.0 = Release|Any CPU
	EndGlobalSection
	GlobalSection(SolutionProperties) = preSolution
		HideSolutionNode = FALSE
	EndGlobalSection
	GlobalSection(ExtensibilityGlobals) = postSolution
		SolutionGuid = {C9184C54-C07B-41E8-AB84-D143D3F22BD5}
	EndGlobalSection
EndGlobal
